// !$*UTF8*$!
{
	archiveVersion = 1;
	classes = {
	};
	objectVersion = 50;
	objects = {

/* Begin PBXBuildFile section */
		E0740CB1254217CE00CAB991 /* AudioDeviceHelper.swift in Sources */ = {isa = PBXBuildFile; fileRef = E0740CB0254217CE00CAB991 /* AudioDeviceHelper.swift */; };
		E0740CC32543127100CAB991 /* Main.storyboard in Resources */ = {isa = PBXBuildFile; fileRef = E0740CC22543127100CAB991 /* Main.storyboard */; };
		E0DD2AE72540A08300CF3827 /* AppDelegate.swift in Sources */ = {isa = PBXBuildFile; fileRef = E0DD2AE62540A08300CF3827 /* AppDelegate.swift */; };
		E0DD2AE92540A08300CF3827 /* ContentView.swift in Sources */ = {isa = PBXBuildFile; fileRef = E0DD2AE82540A08300CF3827 /* ContentView.swift */; };
		E0DD2AEB2540A08500CF3827 /* Assets.xcassets in Resources */ = {isa = PBXBuildFile; fileRef = E0DD2AEA2540A08500CF3827 /* Assets.xcassets */; };
		E0DD2AEE2540A08500CF3827 /* Preview Assets.xcassets in Resources */ = {isa = PBXBuildFile; fileRef = E0DD2AED2540A08500CF3827 /* Preview Assets.xcassets */; };
		E0DD2AFD2540A08500CF3827 /* VolumeRulesTests.swift in Sources */ = {isa = PBXBuildFile; fileRef = E0DD2AFC2540A08500CF3827 /* VolumeRulesTests.swift */; };
/* End PBXBuildFile section */

/* Begin PBXContainerItemProxy section */
		E0DD2AF92540A08500CF3827 /* PBXContainerItemProxy */ = {
			isa = PBXContainerItemProxy;
			containerPortal = E0DD2ADB2540A08300CF3827 /* Project object */;
			proxyType = 1;
			remoteGlobalIDString = E0DD2AE22540A08300CF3827;
			remoteInfo = VolumeRules;
		};
/* End PBXContainerItemProxy section */

/* Begin PBXFileReference section */
		E0740CB0254217CE00CAB991 /* AudioDeviceHelper.swift */ = {isa = PBXFileReference; lastKnownFileType = sourcecode.swift; path = AudioDeviceHelper.swift; sourceTree = "<group>"; };
		E0740CC22543127100CAB991 /* Main.storyboard */ = {isa = PBXFileReference; fileEncoding = 4; lastKnownFileType = file.storyboard; path = Main.storyboard; sourceTree = "<group>"; };
		E0DD2AE32540A08300CF3827 /* VolumeRules.app */ = {isa = PBXFileReference; explicitFileType = wrapper.application; includeInIndex = 0; path = VolumeRules.app; sourceTree = BUILT_PRODUCTS_DIR; };
		E0DD2AE62540A08300CF3827 /* AppDelegate.swift */ = {isa = PBXFileReference; lastKnownFileType = sourcecode.swift; path = AppDelegate.swift; sourceTree = "<group>"; };
		E0DD2AE82540A08300CF3827 /* ContentView.swift */ = {isa = PBXFileReference; lastKnownFileType = sourcecode.swift; path = ContentView.swift; sourceTree = "<group>"; };
		E0DD2AEA2540A08500CF3827 /* Assets.xcassets */ = {isa = PBXFileReference; lastKnownFileType = folder.assetcatalog; path = Assets.xcassets; sourceTree = "<group>"; };
		E0DD2AED2540A08500CF3827 /* Preview Assets.xcassets */ = {isa = PBXFileReference; lastKnownFileType = folder.assetcatalog; path = "Preview Assets.xcassets"; sourceTree = "<group>"; };
		E0DD2AF22540A08500CF3827 /* Info.plist */ = {isa = PBXFileReference; lastKnownFileType = text.plist.xml; path = Info.plist; sourceTree = "<group>"; };
		E0DD2AF32540A08500CF3827 /* VolumeRules.entitlements */ = {isa = PBXFileReference; lastKnownFileType = text.plist.entitlements; path = VolumeRules.entitlements; sourceTree = "<group>"; };
		E0DD2AF82540A08500CF3827 /* VolumeRulesTests.xctest */ = {isa = PBXFileReference; explicitFileType = wrapper.cfbundle; includeInIndex = 0; path = VolumeRulesTests.xctest; sourceTree = BUILT_PRODUCTS_DIR; };
		E0DD2AFC2540A08500CF3827 /* VolumeRulesTests.swift */ = {isa = PBXFileReference; lastKnownFileType = sourcecode.swift; path = VolumeRulesTests.swift; sourceTree = "<group>"; };
		E0DD2AFE2540A08500CF3827 /* Info.plist */ = {isa = PBXFileReference; lastKnownFileType = text.plist.xml; path = Info.plist; sourceTree = "<group>"; };
/* End PBXFileReference section */

/* Begin PBXFrameworksBuildPhase section */
		E0DD2AE02540A08300CF3827 /* Frameworks */ = {
			isa = PBXFrameworksBuildPhase;
			buildActionMask = 2147483647;
			files = (
			);
			runOnlyForDeploymentPostprocessing = 0;
		};
		E0DD2AF52540A08500CF3827 /* Frameworks */ = {
			isa = PBXFrameworksBuildPhase;
			buildActionMask = 2147483647;
			files = (
			);
			runOnlyForDeploymentPostprocessing = 0;
		};
/* End PBXFrameworksBuildPhase section */

/* Begin PBXGroup section */
		E0DD2ADA2540A08300CF3827 = {
			isa = PBXGroup;
			children = (
				E0DD2AE52540A08300CF3827 /* VolumeRules */,
				E0DD2AFB2540A08500CF3827 /* VolumeRulesTests */,
				E0DD2AE42540A08300CF3827 /* Products */,
			);
			sourceTree = "<group>";
		};
		E0DD2AE42540A08300CF3827 /* Products */ = {
			isa = PBXGroup;
			children = (
				E0DD2AE32540A08300CF3827 /* VolumeRules.app */,
				E0DD2AF82540A08500CF3827 /* VolumeRulesTests.xctest */,
			);
			name = Products;
			sourceTree = "<group>";
		};
		E0DD2AE52540A08300CF3827 /* VolumeRules */ = {
			isa = PBXGroup;
			children = (
				E0DD2AE62540A08300CF3827 /* AppDelegate.swift */,
				E0DD2AE82540A08300CF3827 /* ContentView.swift */,
				E0740CB0254217CE00CAB991 /* AudioDeviceHelper.swift */,
				E0DD2AF22540A08500CF3827 /* Info.plist */,
				E0DD2AEA2540A08500CF3827 /* Assets.xcassets */,
				E0DD2AF32540A08500CF3827 /* VolumeRules.entitlements */,
				E0740CC22543127100CAB991 /* Main.storyboard */,
				E0DD2AEC2540A08500CF3827 /* Preview Content */,
			);
			path = VolumeRules;
			sourceTree = "<group>";
		};
		E0DD2AEC2540A08500CF3827 /* Preview Content */ = {
			isa = PBXGroup;
			children = (
				E0DD2AED2540A08500CF3827 /* Preview Assets.xcassets */,
			);
			path = "Preview Content";
			sourceTree = "<group>";
		};
		E0DD2AFB2540A08500CF3827 /* VolumeRulesTests */ = {
			isa = PBXGroup;
			children = (
				E0DD2AFC2540A08500CF3827 /* VolumeRulesTests.swift */,
				E0DD2AFE2540A08500CF3827 /* Info.plist */,
			);
			path = VolumeRulesTests;
			sourceTree = "<group>";
		};
/* End PBXGroup section */

/* Begin PBXNativeTarget section */
		E0DD2AE22540A08300CF3827 /* VolumeRules */ = {
			isa = PBXNativeTarget;
			buildConfigurationList = E0DD2B012540A08500CF3827 /* Build configuration list for PBXNativeTarget "VolumeRules" */;
			buildPhases = (
				E0DD2ADF2540A08300CF3827 /* Sources */,
				E0DD2AE02540A08300CF3827 /* Frameworks */,
				E0DD2AE12540A08300CF3827 /* Resources */,
			);
			buildRules = (
			);
			dependencies = (
			);
			name = VolumeRules;
			productName = VolumeRules;
			productReference = E0DD2AE32540A08300CF3827 /* VolumeRules.app */;
			productType = "com.apple.product-type.application";
		};
		E0DD2AF72540A08500CF3827 /* VolumeRulesTests */ = {
			isa = PBXNativeTarget;
			buildConfigurationList = E0DD2B042540A08500CF3827 /* Build configuration list for PBXNativeTarget "VolumeRulesTests" */;
			buildPhases = (
				E0DD2AF42540A08500CF3827 /* Sources */,
				E0DD2AF52540A08500CF3827 /* Frameworks */,
				E0DD2AF62540A08500CF3827 /* Resources */,
			);
			buildRules = (
			);
			dependencies = (
				E0DD2AFA2540A08500CF3827 /* PBXTargetDependency */,
			);
			name = VolumeRulesTests;
			productName = VolumeRulesTests;
			productReference = E0DD2AF82540A08500CF3827 /* VolumeRulesTests.xctest */;
			productType = "com.apple.product-type.bundle.unit-test";
		};
/* End PBXNativeTarget section */

/* Begin PBXProject section */
		E0DD2ADB2540A08300CF3827 /* Project object */ = {
			isa = PBXProject;
			attributes = {
				LastSwiftUpdateCheck = 1150;
				LastUpgradeCheck = 1150;
				ORGANIZATIONNAME = Codeclown;
				TargetAttributes = {
					E0DD2AE22540A08300CF3827 = {
						CreatedOnToolsVersion = 11.5;
					};
					E0DD2AF72540A08500CF3827 = {
						CreatedOnToolsVersion = 11.5;
						TestTargetID = E0DD2AE22540A08300CF3827;
					};
				};
			};
			buildConfigurationList = E0DD2ADE2540A08300CF3827 /* Build configuration list for PBXProject "VolumeRules" */;
			compatibilityVersion = "Xcode 9.3";
			developmentRegion = en;
			hasScannedForEncodings = 0;
			knownRegions = (
				en,
				Base,
			);
			mainGroup = E0DD2ADA2540A08300CF3827;
			productRefGroup = E0DD2AE42540A08300CF3827 /* Products */;
			projectDirPath = "";
			projectRoot = "";
			targets = (
				E0DD2AE22540A08300CF3827 /* VolumeRules */,
				E0DD2AF72540A08500CF3827 /* VolumeRulesTests */,
			);
		};
/* End PBXProject section */

/* Begin PBXResourcesBuildPhase section */
		E0DD2AE12540A08300CF3827 /* Resources */ = {
			isa = PBXResourcesBuildPhase;
			buildActionMask = 2147483647;
			files = (
				E0740CC32543127100CAB991 /* Main.storyboard in Resources */,
				E0DD2AEE2540A08500CF3827 /* Preview Assets.xcassets in Resources */,
				E0DD2AEB2540A08500CF3827 /* Assets.xcassets in Resources */,
			);
			runOnlyForDeploymentPostprocessing = 0;
		};
		E0DD2AF62540A08500CF3827 /* Resources */ = {
			isa = PBXResourcesBuildPhase;
			buildActionMask = 2147483647;
			files = (
			);
			runOnlyForDeploymentPostprocessing = 0;
		};
/* End PBXResourcesBuildPhase section */

/* Begin PBXSourcesBuildPhase section */
		E0DD2ADF2540A08300CF3827 /* Sources */ = {
			isa = PBXSourcesBuildPhase;
			buildActionMask = 2147483647;
			files = (
				E0DD2AE92540A08300CF3827 /* ContentView.swift in Sources */,
				E0DD2AE72540A08300CF3827 /* AppDelegate.swift in Sources */,
				E0740CB1254217CE00CAB991 /* AudioDeviceHelper.swift in Sources */,
			);
			runOnlyForDeploymentPostprocessing = 0;
		};
		E0DD2AF42540A08500CF3827 /* Sources */ = {
			isa = PBXSourcesBuildPhase;
			buildActionMask = 2147483647;
			files = (
				E0DD2AFD2540A08500CF3827 /* VolumeRulesTests.swift in Sources */,
			);
			runOnlyForDeploymentPostprocessing = 0;
		};
/* End PBXSourcesBuildPhase section */

/* Begin PBXTargetDependency section */
		E0DD2AFA2540A08500CF3827 /* PBXTargetDependency */ = {
			isa = PBXTargetDependency;
			target = E0DD2AE22540A08300CF3827 /* VolumeRules */;
			targetProxy = E0DD2AF92540A08500CF3827 /* PBXContainerItemProxy */;
		};
/* End PBXTargetDependency section */

/* Begin XCBuildConfiguration section */
		E0DD2AFF2540A08500CF3827 /* Debug */ = {
			isa = XCBuildConfiguration;
			buildSettings = {
				ALWAYS_SEARCH_USER_PATHS = NO;
				CLANG_ANALYZER_NONNULL = YES;
				CLANG_ANALYZER_NUMBER_OBJECT_CONVERSION = YES_AGGRESSIVE;
				CLANG_CXX_LANGUAGE_STANDARD = "gnu++14";
				CLANG_CXX_LIBRARY = "libc++";
				CLANG_ENABLE_MODULES = YES;
				CLANG_ENABLE_OBJC_ARC = YES;
				CLANG_ENABLE_OBJC_WEAK = YES;
				CLANG_WARN_BLOCK_CAPTURE_AUTORELEASING = YES;
				CLANG_WARN_BOOL_CONVERSION = YES;
				CLANG_WARN_COMMA = YES;
				CLANG_WARN_CONSTANT_CONVERSION = YES;
				CLANG_WARN_DEPRECATED_OBJC_IMPLEMENTATIONS = YES;
				CLANG_WARN_DIRECT_OBJC_ISA_USAGE = YES_ERROR;
				CLANG_WARN_DOCUMENTATION_COMMENTS = YES;
				CLANG_WARN_EMPTY_BODY = YES;
				CLANG_WARN_ENUM_CONVERSION = YES;
				CLANG_WARN_INFINITE_RECURSION = YES;
				CLANG_WARN_INT_CONVERSION = YES;
				CLANG_WARN_NON_LITERAL_NULL_CONVERSION = YES;
				CLANG_WARN_OBJC_IMPLICIT_RETAIN_SELF = YES;
				CLANG_WARN_OBJC_LITERAL_CONVERSION = YES;
				CLANG_WARN_OBJC_ROOT_CLASS = YES_ERROR;
				CLANG_WARN_RANGE_LOOP_ANALYSIS = YES;
				CLANG_WARN_STRICT_PROTOTYPES = YES;
				CLANG_WARN_SUSPICIOUS_MOVE = YES;
				CLANG_WARN_UNGUARDED_AVAILABILITY = YES_AGGRESSIVE;
				CLANG_WARN_UNREACHABLE_CODE = YES;
				CLANG_WARN__DUPLICATE_METHOD_MATCH = YES;
				COPY_PHASE_STRIP = NO;
				DEBUG_INFORMATION_FORMAT = dwarf;
				ENABLE_STRICT_OBJC_MSGSEND = YES;
				ENABLE_TESTABILITY = YES;
				GCC_C_LANGUAGE_STANDARD = gnu11;
				GCC_DYNAMIC_NO_PIC = NO;
				GCC_NO_COMMON_BLOCKS = YES;
				GCC_OPTIMIZATION_LEVEL = 0;
				GCC_PREPROCESSOR_DEFINITIONS = (
					"DEBUG=1",
					"$(inherited)",
				);
				GCC_WARN_64_TO_32_BIT_CONVERSION = YES;
				GCC_WARN_ABOUT_RETURN_TYPE = YES_ERROR;
				GCC_WARN_UNDECLARED_SELECTOR = YES;
				GCC_WARN_UNINITIALIZED_AUTOS = YES_AGGRESSIVE;
				GCC_WARN_UNUSED_FUNCTION = YES;
				GCC_WARN_UNUSED_VARIABLE = YES;
				MACOSX_DEPLOYMENT_TARGET = 10.15;
				MTL_ENABLE_DEBUG_INFO = INCLUDE_SOURCE;
				MTL_FAST_MATH = YES;
				ONLY_ACTIVE_ARCH = YES;
				SDKROOT = macosx;
				SWIFT_ACTIVE_COMPILATION_CONDITIONS = DEBUG;
				SWIFT_OPTIMIZATION_LEVEL = "-Onone";
			};
			name = Debug;
		};
		E0DD2B002540A08500CF3827 /* Release */ = {
			isa = XCBuildConfiguration;
			buildSettings = {
				ALWAYS_SEARCH_USER_PATHS = NO;
				CLANG_ANALYZER_NONNULL = YES;
				CLANG_ANALYZER_NUMBER_OBJECT_CONVERSION = YES_AGGRESSIVE;
				CLANG_CXX_LANGUAGE_STANDARD = "gnu++14";
				CLANG_CXX_LIBRARY = "libc++";
				CLANG_ENABLE_MODULES = YES;
				CLANG_ENABLE_OBJC_ARC = YES;
				CLANG_ENABLE_OBJC_WEAK = YES;
				CLANG_WARN_BLOCK_CAPTURE_AUTORELEASING = YES;
				CLANG_WARN_BOOL_CONVERSION = YES;
				CLANG_WARN_COMMA = YES;
				CLANG_WARN_CONSTANT_CONVERSION = YES;
				CLANG_WARN_DEPRECATED_OBJC_IMPLEMENTATIONS = YES;
				CLANG_WARN_DIRECT_OBJC_ISA_USAGE = YES_ERROR;
				CLANG_WARN_DOCUMENTATION_COMMENTS = YES;
				CLANG_WARN_EMPTY_BODY = YES;
				CLANG_WARN_ENUM_CONVERSION = YES;
				CLANG_WARN_INFINITE_RECURSION = YES;
				CLANG_WARN_INT_CONVERSION = YES;
				CLANG_WARN_NON_LITERAL_NULL_CONVERSION = YES;
				CLANG_WARN_OBJC_IMPLICIT_RETAIN_SELF = YES;
				CLANG_WARN_OBJC_LITERAL_CONVERSION = YES;
				CLANG_WARN_OBJC_ROOT_CLASS = YES_ERROR;
				CLANG_WARN_RANGE_LOOP_ANALYSIS = YES;
				CLANG_WARN_STRICT_PROTOTYPES = YES;
				CLANG_WARN_SUSPICIOUS_MOVE = YES;
				CLANG_WARN_UNGUARDED_AVAILABILITY = YES_AGGRESSIVE;
				CLANG_WARN_UNREACHABLE_CODE = YES;
				CLANG_WARN__DUPLICATE_METHOD_MATCH = YES;
				COPY_PHASE_STRIP = NO;
				DEBUG_INFORMATION_FORMAT = "dwarf-with-dsym";
				ENABLE_NS_ASSERTIONS = NO;
				ENABLE_STRICT_OBJC_MSGSEND = YES;
				GCC_C_LANGUAGE_STANDARD = gnu11;
				GCC_NO_COMMON_BLOCKS = YES;
				GCC_WARN_64_TO_32_BIT_CONVERSION = YES;
				GCC_WARN_ABOUT_RETURN_TYPE = YES_ERROR;
				GCC_WARN_UNDECLARED_SELECTOR = YES;
				GCC_WARN_UNINITIALIZED_AUTOS = YES_AGGRESSIVE;
				GCC_WARN_UNUSED_FUNCTION = YES;
				GCC_WARN_UNUSED_VARIABLE = YES;
				MACOSX_DEPLOYMENT_TARGET = 10.15;
				MTL_ENABLE_DEBUG_INFO = NO;
				MTL_FAST_MATH = YES;
				SDKROOT = macosx;
				SWIFT_COMPILATION_MODE = wholemodule;
				SWIFT_OPTIMIZATION_LEVEL = "-O";
			};
			name = Release;
		};
		E0DD2B022540A08500CF3827 /* Debug */ = {
			isa = XCBuildConfiguration;
			buildSettings = {
				ASSETCATALOG_COMPILER_APPICON_NAME = AppIcon;
				CODE_SIGN_ENTITLEMENTS = VolumeRules/VolumeRules.entitlements;
				CODE_SIGN_STYLE = Automatic;
				COMBINE_HIDPI_IMAGES = YES;
				DEVELOPMENT_ASSET_PATHS = "\"VolumeRules/Preview Content\"";
				DEVELOPMENT_TEAM = FXN67LT3SC;
				ENABLE_HARDENED_RUNTIME = YES;
				ENABLE_PREVIEWS = YES;
				INFOPLIST_FILE = VolumeRules/Info.plist;
				LD_RUNPATH_SEARCH_PATHS = (
					"$(inherited)",
					"@executable_path/../Frameworks",
				);
				MACOSX_DEPLOYMENT_TARGET = 10.15;
				PRODUCT_BUNDLE_IDENTIFIER = codeclown.VolumeRules;
				PRODUCT_NAME = "$(TARGET_NAME)";
				SWIFT_VERSION = 5.0;
			};
			name = Debug;
		};
		E0DD2B032540A08500CF3827 /* Release */ = {
			isa = XCBuildConfiguration;
			buildSettings = {
				ASSETCATALOG_COMPILER_APPICON_NAME = AppIcon;
				CODE_SIGN_ENTITLEMENTS = VolumeRules/VolumeRules.entitlements;
				CODE_SIGN_STYLE = Automatic;
				COMBINE_HIDPI_IMAGES = YES;
				DEVELOPMENT_ASSET_PATHS = "\"VolumeRules/Preview Content\"";
				DEVELOPMENT_TEAM = FXN67LT3SC;
				ENABLE_HARDENED_RUNTIME = YES;
				ENABLE_PREVIEWS = YES;
				INFOPLIST_FILE = VolumeRules/Info.plist;
				LD_RUNPATH_SEARCH_PATHS = (
					"$(inherited)",
					"@executable_path/../Frameworks",
				);
				MACOSX_DEPLOYMENT_TARGET = 10.15;
				PRODUCT_BUNDLE_IDENTIFIER = codeclown.VolumeRules;
				PRODUCT_NAME = "$(TARGET_NAME)";
				SWIFT_VERSION = 5.0;
			};
			name = Release;
		};
		E0DD2B052540A08500CF3827 /* Debug */ = {
			isa = XCBuildConfiguration;
			buildSettings = {
				ALWAYS_EMBED_SWIFT_STANDARD_LIBRARIES = YES;
				BUNDLE_LOADER = "$(TEST_HOST)";
				CODE_SIGN_STYLE = Automatic;
				COMBINE_HIDPI_IMAGES = YES;
				DEVELOPMENT_TEAM = FXN67LT3SC;
				INFOPLIST_FILE = VolumeRulesTests/Info.plist;
				LD_RUNPATH_SEARCH_PATHS = (
					"$(inherited)",
					"@executable_path/../Frameworks",
					"@loader_path/../Frameworks",
				);
				MACOSX_DEPLOYMENT_TARGET = 10.15;
				PRODUCT_BUNDLE_IDENTIFIER = codeclown.VolumeRulesTests;
				PRODUCT_NAME = "$(TARGET_NAME)";
				SWIFT_VERSION = 5.0;
				TEST_HOST = "$(BUILT_PRODUCTS_DIR)/VolumeRules.app/Contents/MacOS/VolumeRules";
			};
			name = Debug;
		};
		E0DD2B062540A08500CF3827 /* Release */ = {
			isa = XCBuildConfiguration;
			buildSettings = {
				ALWAYS_EMBED_SWIFT_STANDARD_LIBRARIES = YES;
				BUNDLE_LOADER = "$(TEST_HOST)";
				CODE_SIGN_STYLE = Automatic;
				COMBINE_HIDPI_IMAGES = YES;
				DEVELOPMENT_TEAM = FXN67LT3SC;
				INFOPLIST_FILE = VolumeRulesTests/Info.plist;
				LD_RUNPATH_SEARCH_PATHS = (
					"$(inherited)",
					"@executable_path/../Frameworks",
					"@loader_path/../Frameworks",
				);
				MACOSX_DEPLOYMENT_TARGET = 10.15;
				PRODUCT_BUNDLE_IDENTIFIER = codeclown.VolumeRulesTests;
				PRODUCT_NAME = "$(TARGET_NAME)";
				SWIFT_VERSION = 5.0;
				TEST_HOST = "$(BUILT_PRODUCTS_DIR)/VolumeRules.app/Contents/MacOS/VolumeRules";
			};
			name = Release;
		};
/* End XCBuildConfiguration section */

/* Begin XCConfigurationList section */
		E0DD2ADE2540A08300CF3827 /* Build configuration list for PBXProject "VolumeRules" */ = {
			isa = XCConfigurationList;
			buildConfigurations = (
				E0DD2AFF2540A08500CF3827 /* Debug */,
				E0DD2B002540A08500CF3827 /* Release */,
			);
			defaultConfigurationIsVisible = 0;
			defaultConfigurationName = Release;
		};
		E0DD2B012540A08500CF3827 /* Build configuration list for PBXNativeTarget "VolumeRules" */ = {
			isa = XCConfigurationList;
			buildConfigurations = (
				E0DD2B022540A08500CF3827 /* Debug */,
				E0DD2B032540A08500CF3827 /* Release */,
			);
			defaultConfigurationIsVisible = 0;
			defaultConfigurationName = Release;
		};
		E0DD2B042540A08500CF3827 /* Build configuration list for PBXNativeTarget "VolumeRulesTests" */ = {
			isa = XCConfigurationList;
			buildConfigurations = (
				E0DD2B052540A08500CF3827 /* Debug */,
				E0DD2B062540A08500CF3827 /* Release */,
			);
			defaultConfigurationIsVisible = 0;
			defaultConfigurationName = Release;
		};
/* End XCConfigurationList section */
	};
	rootObject = E0DD2ADB2540A08300CF3827 /* Project object */;
}
